
Microsoft Visual Studio Solution File, Format Version 12.00
Project("{FAE04EC0-301F-11D3-BF4B-00C04F79EFBC}") = "AWS_S3_Web_API", "AWS_S3_Web_API\AWS_S3_Web_API.csproj", "{A1D7132F-D3E2-4180-BD3A-6A85F9406712}"
EndProject
Global
	GlobalSection(SolutionConfigurationPlatforms) = preSolution
		Debug|Any CPU = Debug|Any CPU
		Release|Any CPU = Release|Any CPU
	EndGlobalSection
	GlobalSection(ProjectConfigurationPlatforms) = postSolution
		{A1D7132F-D3E2-4180-BD3A-6A85F9406712}.Debug|Any CPU.ActiveCfg = Debug|Any CPU
		{A1D7132F-D3E2-4180-BD3A-6A85F9406712}.Debug|Any CPU.Build.0 = Debug|Any CPU
		{A1D7132F-D3E2-4180-BD3A-6A85F9406712}.Release|Any CPU.ActiveCfg = Release|Any CPU
		{A1D7132F-D3E2-4180-BD3A-6A85F9406712}.Release|Any CPU.Build.0 = Release|Any CPU
	EndGlobalSection
EndGlobal
